{
  "name": "client",
  "version": "0.0.0",
  "dependencies": {
    "sharedb-string-binding": {
      "version": "1.0.0",
      "from": "sharedb-string-binding@",
      "dependencies": {
        "text-diff-binding": {
          "version": "1.1.0",
          "from": "git+https://github.com/Karalix/text-diff-binding.git#Karalix-patch-1"
        }
      }
    },
    "sharedb": {
      "version": "1.0.0-beta.7",
      "from": "sharedb@",
      "dependencies": {
        "arraydiff": {
          "version": "0.1.3",
          "from": "arraydiff@^0.1.1"
        },
        "async": {
          "version": "1.5.2",
          "from": "async@^1.4.2"
        },
        "deep-is": {
          "version": "0.1.3",
          "from": "deep-is@^0.1.3"
        },
        "hat": {
          "version": "0.0.3",
          "from": "hat@0.0.3"
        },
        "make-error": {
          "version": "1.2.1",
          "from": "make-error@^1.1.1"
        },
        "ot-json0": {
          "version": "1.0.1",
          "from": "ot-json0@^1.0.1"
        }
      }
    }
  }
}
